
Microsoft Visual Studio Solution File, Format Version 12.00
# Visual Studio Version 16
VisualStudioVersion = 16.0.29728.190
MinimumVisualStudioVersion = 10.0.40219.1
Project("{FAE04EC0-301F-11D3-BF4B-00C04F79EFBC}") = "Capa_Presentacion", "Capa_Presentacion\Capa_Presentacion.csproj", "{7F192820-B823-461D-B116-B660C17928D9}"
EndProject
Project("{FAE04EC0-301F-11D3-BF4B-00C04F79EFBC}") = "Capa_Negocio", "Capa_Negocio\Capa_Negocio.csproj", "{8410A023-74CE-40D9-A5D2-CFA41D0A43C2}"
EndProject
Project("{FAE04EC0-301F-11D3-BF4B-00C04F79EFBC}") = "Capa_Dato", "Capa_Dato\Capa_Dato.csproj", "{78964483-7915-45AE-9CA6-77996354EEAD}"
EndProject
Project("{FAE04EC0-301F-11D3-BF4B-00C04F79EFBC}") = "Capa_PresentacionWeb", "Capa_PresentacionWeb\Capa_PresentacionWeb.csproj", "{CCAE9CD2-1DFE-4D8B-AB0D-889B9DB9AF95}"
EndProject
Global
	GlobalSection(SolutionConfigurationPlatforms) = preSolution
		Debug|Any CPU = Debug|Any CPU
		Release|Any CPU = Release|Any CPU
	EndGlobalSection
	GlobalSection(ProjectConfigurationPlatforms) = postSolution
		{7F192820-B823-461D-B116-B660C17928D9}.Debug|Any CPU.ActiveCfg = Debug|Any CPU
		{7F192820-B823-461D-B116-B660C17928D9}.Debug|Any CPU.Build.0 = Debug|Any CPU
		{7F192820-B823-461D-B116-B660C17928D9}.Release|Any CPU.ActiveCfg = Release|Any CPU
		{7F192820-B823-461D-B116-B660C17928D9}.Release|Any CPU.Build.0 = Release|Any CPU
		{8410A023-74CE-40D9-A5D2-CFA41D0A43C2}.Debug|Any CPU.ActiveCfg = Debug|Any CPU
		{8410A023-74CE-40D9-A5D2-CFA41D0A43C2}.Debug|Any CPU.Build.0 = Debug|Any CPU
		{8410A023-74CE-40D9-A5D2-CFA41D0A43C2}.Release|Any CPU.ActiveCfg = Release|Any CPU
		{8410A023-74CE-40D9-A5D2-CFA41D0A43C2}.Release|Any CPU.Build.0 = Release|Any CPU
		{78964483-7915-45AE-9CA6-77996354EEAD}.Debug|Any CPU.ActiveCfg = Debug|Any CPU
		{78964483-7915-45AE-9CA6-77996354EEAD}.Debug|Any CPU.Build.0 = Debug|Any CPU
		{78964483-7915-45AE-9CA6-77996354EEAD}.Release|Any CPU.ActiveCfg = Release|Any CPU
		{78964483-7915-45AE-9CA6-77996354EEAD}.Release|Any CPU.Build.0 = Release|Any CPU
		{CCAE9CD2-1DFE-4D8B-AB0D-889B9DB9AF95}.Debug|Any CPU.ActiveCfg = Debug|Any CPU
		{CCAE9CD2-1DFE-4D8B-AB0D-889B9DB9AF95}.Debug|Any CPU.Build.0 = Debug|Any CPU
		{CCAE9CD2-1DFE-4D8B-AB0D-889B9DB9AF95}.Release|Any CPU.ActiveCfg = Release|Any CPU
		{CCAE9CD2-1DFE-4D8B-AB0D-889B9DB9AF95}.Release|Any CPU.Build.0 = Release|Any CPU
	EndGlobalSection
	GlobalSection(SolutionProperties) = preSolution
		HideSolutionNode = FALSE
	EndGlobalSection
	GlobalSection(ExtensibilityGlobals) = postSolution
		SolutionGuid = {99BCC6E4-6C92-4A46-878E-5B31906AC6A8}
	EndGlobalSection
EndGlobal
